
Microsoft Visual Studio Solution File, Format Version 12.00
# Visual Studio Version 17
VisualStudioVersion = 17.6.33723.286
MinimumVisualStudioVersion = 10.0.40219.1
Project("{FAE04EC0-301F-11D3-BF4B-00C04F79EFBC}") = "Facade Method", "Facade Method\Facade Method.csproj", "{E098EE0D-2F38-4615-88AC-AA2F6B4042BD}"
EndProject
Global
	GlobalSection(SolutionConfigurationPlatforms) = preSolution
		Debug|Any CPU = Debug|Any CPU
		Release|Any CPU = Release|Any CPU
	EndGlobalSection
	GlobalSection(ProjectConfigurationPlatforms) = postSolution
		{E098EE0D-2F38-4615-88AC-AA2F6B4042BD}.Debug|Any CPU.ActiveCfg = Debug|Any CPU
		{E098EE0D-2F38-4615-88AC-AA2F6B4042BD}.Debug|Any CPU.Build.0 = Debug|Any CPU
		{E098EE0D-2F38-4615-88AC-AA2F6B4042BD}.Release|Any CPU.ActiveCfg = Release|Any CPU
		{E098EE0D-2F38-4615-88AC-AA2F6B4042BD}.Release|Any CPU.Build.0 = Release|Any CPU
	EndGlobalSection
	GlobalSection(SolutionProperties) = preSolution
		HideSolutionNode = FALSE
	EndGlobalSection
	GlobalSection(ExtensibilityGlobals) = postSolution
		SolutionGuid = {8CFC4D56-A92E-4055-B642-52BCAF1DF17A}
	EndGlobalSection
EndGlobal
